
Microsoft Visual Studio Solution File, Format Version 12.00
# Visual Studio Version 17
VisualStudioVersion = 17.2.32616.157
MinimumVisualStudioVersion = 10.0.40219.1
Project("{9A19103F-16F7-4668-BE54-9A1E7A4F7556}") = "IOET", "IOET.csproj", "{A74237DC-BD7F-4DA4-B23E-34432F48A7F8}"
EndProject
Project("{9A19103F-16F7-4668-BE54-9A1E7A4F7556}") = "IOETTests", "..\IOETTests\IOETTests.csproj", "{40A0FCA0-9D1E-4A7A-B759-F296B012DA7D}"
EndProject
Global
	GlobalSection(SolutionConfigurationPlatforms) = preSolution
		Debug|Any CPU = Debug|Any CPU
		Release|Any CPU = Release|Any CPU
	EndGlobalSection
	GlobalSection(ProjectConfigurationPlatforms) = postSolution
		{A74237DC-BD7F-4DA4-B23E-34432F48A7F8}.Debug|Any CPU.ActiveCfg = Debug|Any CPU
		{A74237DC-BD7F-4DA4-B23E-34432F48A7F8}.Debug|Any CPU.Build.0 = Debug|Any CPU
		{A74237DC-BD7F-4DA4-B23E-34432F48A7F8}.Release|Any CPU.ActiveCfg = Release|Any CPU
		{A74237DC-BD7F-4DA4-B23E-34432F48A7F8}.Release|Any CPU.Build.0 = Release|Any CPU
		{40A0FCA0-9D1E-4A7A-B759-F296B012DA7D}.Debug|Any CPU.ActiveCfg = Debug|Any CPU
		{40A0FCA0-9D1E-4A7A-B759-F296B012DA7D}.Debug|Any CPU.Build.0 = Debug|Any CPU
		{40A0FCA0-9D1E-4A7A-B759-F296B012DA7D}.Release|Any CPU.ActiveCfg = Release|Any CPU
		{40A0FCA0-9D1E-4A7A-B759-F296B012DA7D}.Release|Any CPU.Build.0 = Release|Any CPU
	EndGlobalSection
	GlobalSection(SolutionProperties) = preSolution
		HideSolutionNode = FALSE
	EndGlobalSection
	GlobalSection(ExtensibilityGlobals) = postSolution
		SolutionGuid = {5D41AB97-CF18-4C0C-BA20-92575A98B0CD}
	EndGlobalSection
EndGlobal
